
Microsoft Visual Studio Solution File, Format Version 12.00
# Visual Studio 15
VisualStudioVersion = 15.0.28307.705
MinimumVisualStudioVersion = 10.0.40219.1
Project("{FAE04EC0-301F-11D3-BF4B-00C04F79EFBC}") = "DownloaderTest", "DownloaderTest\DownloaderTest.csproj", "{27915EDE-4E12-4682-A69F-4E735A867E4B}"
EndProject
Global
	GlobalSection(SolutionConfigurationPlatforms) = preSolution
		Debug|Any CPU = Debug|Any CPU
		Release|Any CPU = Release|Any CPU
	EndGlobalSection
	GlobalSection(ProjectConfigurationPlatforms) = postSolution
		{27915EDE-4E12-4682-A69F-4E735A867E4B}.Debug|Any CPU.ActiveCfg = Debug|Any CPU
		{27915EDE-4E12-4682-A69F-4E735A867E4B}.Debug|Any CPU.Build.0 = Debug|Any CPU
		{27915EDE-4E12-4682-A69F-4E735A867E4B}.Release|Any CPU.ActiveCfg = Release|Any CPU
		{27915EDE-4E12-4682-A69F-4E735A867E4B}.Release|Any CPU.Build.0 = Release|Any CPU
	EndGlobalSection
	GlobalSection(SolutionProperties) = preSolution
		HideSolutionNode = FALSE
	EndGlobalSection
	GlobalSection(ExtensibilityGlobals) = postSolution
		SolutionGuid = {3BEFC887-CD21-4F33-9C7B-7E0CD308E8C1}
	EndGlobalSection
EndGlobal
